
Microsoft Visual Studio Solution File, Format Version 11.00
# Visual Studio 2010
Project("{FAE04EC0-301F-11D3-BF4B-00C04F79EFBC}") = "Amaging Racer", "Assembly-CSharp-firstpass.csproj", "{4BF8A2B7-EF9D-564A-1365-23869920BE97}"
EndProject
Project("{FAE04EC0-301F-11D3-BF4B-00C04F79EFBC}") = "Amaging Racer", "Assembly-CSharp.csproj", "{B17952F1-FBF9-4962-18DD-5DAAACE0A58E}"
EndProject
Project("{FAE04EC0-301F-11D3-BF4B-00C04F79EFBC}") = "Amaging Racer", "Assembly-CSharp-Editor-firstpass.csproj", "{83E39F54-6B83-2A6B-3D8C-FD3618C0E7AB}"
EndProject
Global
	GlobalSection(SolutionConfigurationPlatforms) = preSolution
		Debug|Any CPU = Debug|Any CPU
		Release|Any CPU = Release|Any CPU
	EndGlobalSection
	GlobalSection(ProjectConfigurationPlatforms) = postSolution
		{4BF8A2B7-EF9D-564A-1365-23869920BE97}.Debug|Any CPU.ActiveCfg = Debug|Any CPU
		{4BF8A2B7-EF9D-564A-1365-23869920BE97}.Debug|Any CPU.Build.0 = Debug|Any CPU
		{4BF8A2B7-EF9D-564A-1365-23869920BE97}.Release|Any CPU.ActiveCfg = Release|Any CPU
		{4BF8A2B7-EF9D-564A-1365-23869920BE97}.Release|Any CPU.Build.0 = Release|Any CPU
		{B17952F1-FBF9-4962-18DD-5DAAACE0A58E}.Debug|Any CPU.ActiveCfg = Debug|Any CPU
		{B17952F1-FBF9-4962-18DD-5DAAACE0A58E}.Debug|Any CPU.Build.0 = Debug|Any CPU
		{B17952F1-FBF9-4962-18DD-5DAAACE0A58E}.Release|Any CPU.ActiveCfg = Release|Any CPU
		{B17952F1-FBF9-4962-18DD-5DAAACE0A58E}.Release|Any CPU.Build.0 = Release|Any CPU
		{83E39F54-6B83-2A6B-3D8C-FD3618C0E7AB}.Debug|Any CPU.ActiveCfg = Debug|Any CPU
		{83E39F54-6B83-2A6B-3D8C-FD3618C0E7AB}.Debug|Any CPU.Build.0 = Debug|Any CPU
		{83E39F54-6B83-2A6B-3D8C-FD3618C0E7AB}.Release|Any CPU.ActiveCfg = Release|Any CPU
		{83E39F54-6B83-2A6B-3D8C-FD3618C0E7AB}.Release|Any CPU.Build.0 = Release|Any CPU
	EndGlobalSection
	GlobalSection(SolutionProperties) = preSolution
		HideSolutionNode = FALSE
	EndGlobalSection
	GlobalSection(MonoDevelopProperties) = preSolution
		StartupItem = Assembly-CSharp.csproj
	EndGlobalSection
EndGlobal
